// !$*UTF8*$!
{
	archiveVersion = 1;
	classes = {
	};
	objectVersion = 50;
	objects = {

/* Begin PBXBuildFile section */
		772E1EDF22E87D37002B4387 /* AppDelegate.swift in Sources */ = {isa = PBXBuildFile; fileRef = 772E1EDE22E87D37002B4387 /* AppDelegate.swift */; };
		772E1EE422E87D37002B4387 /* Main.storyboard in Resources */ = {isa = PBXBuildFile; fileRef = 772E1EE222E87D37002B4387 /* Main.storyboard */; };
		772E1EE622E87D39002B4387 /* Assets.xcassets in Resources */ = {isa = PBXBuildFile; fileRef = 772E1EE522E87D39002B4387 /* Assets.xcassets */; };
		772E1EE922E87D39002B4387 /* LaunchScreen.storyboard in Resources */ = {isa = PBXBuildFile; fileRef = 772E1EE722E87D39002B4387 /* LaunchScreen.storyboard */; };
		772E1EF422E87D39002B4387 /* ShuffleSongsTests.swift in Sources */ = {isa = PBXBuildFile; fileRef = 772E1EF322E87D39002B4387 /* ShuffleSongsTests.swift */; };
		77918A7422E883E800762DDC /* SongsService.swift in Sources */ = {isa = PBXBuildFile; fileRef = 77918A7322E883E800762DDC /* SongsService.swift */; };
		77918A7722E8844900762DDC /* SongsViewModel.swift in Sources */ = {isa = PBXBuildFile; fileRef = 77918A7622E8844900762DDC /* SongsViewModel.swift */; };
		77918A7A22E889E500762DDC /* SongsResponse.swift in Sources */ = {isa = PBXBuildFile; fileRef = 77918A7922E889E500762DDC /* SongsResponse.swift */; };
		77918A7C22E8942E00762DDC /* ShuffleSongsFetchTests.swift in Sources */ = {isa = PBXBuildFile; fileRef = 77918A7B22E8942E00762DDC /* ShuffleSongsFetchTests.swift */; };
		77E2389B22E8A8A000134ABC /* SongsTableViewController.swift in Sources */ = {isa = PBXBuildFile; fileRef = 77E2389A22E8A8A000134ABC /* SongsTableViewController.swift */; };
		77E2389E22E8A92300134ABC /* RKLoading.swift in Sources */ = {isa = PBXBuildFile; fileRef = 77E2389D22E8A92300134ABC /* RKLoading.swift */; };
		77E238A022E8AF6200134ABC /* SongTableViewCell.swift in Sources */ = {isa = PBXBuildFile; fileRef = 77E2389F22E8AF6200134ABC /* SongTableViewCell.swift */; };
		77E238A322E8B0AF00134ABC /* UIImageView+Extension.swift in Sources */ = {isa = PBXBuildFile; fileRef = 77E238A222E8B0AF00134ABC /* UIImageView+Extension.swift */; };
		A23773ECB5EF0DC6C25CC5D1 /* Pods_ShuffleSongs.framework in Frameworks */ = {isa = PBXBuildFile; fileRef = 89D4662B49A95F709192C2E4 /* Pods_ShuffleSongs.framework */; };
		ED77F79E2509B0EB76E9F9C0 /* Pods_ShuffleSongsTests.framework in Frameworks */ = {isa = PBXBuildFile; fileRef = 29163C16197368065B542B17 /* Pods_ShuffleSongsTests.framework */; };
/* End PBXBuildFile section */

/* Begin PBXContainerItemProxy section */
		772E1EF022E87D39002B4387 /* PBXContainerItemProxy */ = {
			isa = PBXContainerItemProxy;
			containerPortal = 772E1ED322E87D37002B4387 /* Project object */;
			proxyType = 1;
			remoteGlobalIDString = 772E1EDA22E87D37002B4387;
			remoteInfo = ShuffleSongs;
		};
/* End PBXContainerItemProxy section */

/* Begin PBXFileReference section */
		00C1B9A153CC81ABDF788D6B /* Pods-ShuffleSongsTests.debug.xcconfig */ = {isa = PBXFileReference; includeInIndex = 1; lastKnownFileType = text.xcconfig; name = "Pods-ShuffleSongsTests.debug.xcconfig"; path = "Target Support Files/Pods-ShuffleSongsTests/Pods-ShuffleSongsTests.debug.xcconfig"; sourceTree = "<group>"; };
		29163C16197368065B542B17 /* Pods_ShuffleSongsTests.framework */ = {isa = PBXFileReference; explicitFileType = wrapper.framework; includeInIndex = 0; path = Pods_ShuffleSongsTests.framework; sourceTree = BUILT_PRODUCTS_DIR; };
		32E00B8D3F46455A88305370 /* Pods-ShuffleSongs.release.xcconfig */ = {isa = PBXFileReference; includeInIndex = 1; lastKnownFileType = text.xcconfig; name = "Pods-ShuffleSongs.release.xcconfig"; path = "Target Support Files/Pods-ShuffleSongs/Pods-ShuffleSongs.release.xcconfig"; sourceTree = "<group>"; };
		64E7A9EE4758B488A01DCDF3 /* Pods-ShuffleSongsTests.release.xcconfig */ = {isa = PBXFileReference; includeInIndex = 1; lastKnownFileType = text.xcconfig; name = "Pods-ShuffleSongsTests.release.xcconfig"; path = "Target Support Files/Pods-ShuffleSongsTests/Pods-ShuffleSongsTests.release.xcconfig"; sourceTree = "<group>"; };
		772E1EDB22E87D37002B4387 /* ShuffleSongs.app */ = {isa = PBXFileReference; explicitFileType = wrapper.application; includeInIndex = 0; path = ShuffleSongs.app; sourceTree = BUILT_PRODUCTS_DIR; };
		772E1EDE22E87D37002B4387 /* AppDelegate.swift */ = {isa = PBXFileReference; lastKnownFileType = sourcecode.swift; path = AppDelegate.swift; sourceTree = "<group>"; };
		772E1EE322E87D37002B4387 /* Base */ = {isa = PBXFileReference; lastKnownFileType = file.storyboard; name = Base; path = Base.lproj/Main.storyboard; sourceTree = "<group>"; };
		772E1EE522E87D39002B4387 /* Assets.xcassets */ = {isa = PBXFileReference; lastKnownFileType = folder.assetcatalog; path = Assets.xcassets; sourceTree = "<group>"; };
		772E1EE822E87D39002B4387 /* Base */ = {isa = PBXFileReference; lastKnownFileType = file.storyboard; name = Base; path = Base.lproj/LaunchScreen.storyboard; sourceTree = "<group>"; };
		772E1EEA22E87D39002B4387 /* Info.plist */ = {isa = PBXFileReference; lastKnownFileType = text.plist.xml; path = Info.plist; sourceTree = "<group>"; };
		772E1EEF22E87D39002B4387 /* ShuffleSongsTests.xctest */ = {isa = PBXFileReference; explicitFileType = wrapper.cfbundle; includeInIndex = 0; path = ShuffleSongsTests.xctest; sourceTree = BUILT_PRODUCTS_DIR; };
		772E1EF322E87D39002B4387 /* ShuffleSongsTests.swift */ = {isa = PBXFileReference; lastKnownFileType = sourcecode.swift; path = ShuffleSongsTests.swift; sourceTree = "<group>"; };
		772E1EF522E87D39002B4387 /* Info.plist */ = {isa = PBXFileReference; lastKnownFileType = text.plist.xml; path = Info.plist; sourceTree = "<group>"; };
		77918A7322E883E800762DDC /* SongsService.swift */ = {isa = PBXFileReference; lastKnownFileType = sourcecode.swift; path = SongsService.swift; sourceTree = "<group>"; };
		77918A7622E8844900762DDC /* SongsViewModel.swift */ = {isa = PBXFileReference; lastKnownFileType = sourcecode.swift; path = SongsViewModel.swift; sourceTree = "<group>"; };
		77918A7922E889E500762DDC /* SongsResponse.swift */ = {isa = PBXFileReference; lastKnownFileType = sourcecode.swift; path = SongsResponse.swift; sourceTree = "<group>"; };
		77918A7B22E8942E00762DDC /* ShuffleSongsFetchTests.swift */ = {isa = PBXFileReference; lastKnownFileType = sourcecode.swift; path = ShuffleSongsFetchTests.swift; sourceTree = "<group>"; };
		77E2389A22E8A8A000134ABC /* SongsTableViewController.swift */ = {isa = PBXFileReference; lastKnownFileType = sourcecode.swift; path = SongsTableViewController.swift; sourceTree = "<group>"; };
		77E2389D22E8A92300134ABC /* RKLoading.swift */ = {isa = PBXFileReference; lastKnownFileType = sourcecode.swift; path = RKLoading.swift; sourceTree = "<group>"; };
		77E2389F22E8AF6200134ABC /* SongTableViewCell.swift */ = {isa = PBXFileReference; lastKnownFileType = sourcecode.swift; path = SongTableViewCell.swift; sourceTree = "<group>"; };
		77E238A222E8B0AF00134ABC /* UIImageView+Extension.swift */ = {isa = PBXFileReference; lastKnownFileType = sourcecode.swift; path = "UIImageView+Extension.swift"; sourceTree = "<group>"; };
		8124ECBE071A90240D9BC408 /* Pods-ShuffleSongs.debug.xcconfig */ = {isa = PBXFileReference; includeInIndex = 1; lastKnownFileType = text.xcconfig; name = "Pods-ShuffleSongs.debug.xcconfig"; path = "Target Support Files/Pods-ShuffleSongs/Pods-ShuffleSongs.debug.xcconfig"; sourceTree = "<group>"; };
		89D4662B49A95F709192C2E4 /* Pods_ShuffleSongs.framework */ = {isa = PBXFileReference; explicitFileType = wrapper.framework; includeInIndex = 0; path = Pods_ShuffleSongs.framework; sourceTree = BUILT_PRODUCTS_DIR; };
/* End PBXFileReference section */

/* Begin PBXFrameworksBuildPhase section */
		772E1ED822E87D37002B4387 /* Frameworks */ = {
			isa = PBXFrameworksBuildPhase;
			buildActionMask = 2147483647;
			files = (
				A23773ECB5EF0DC6C25CC5D1 /* Pods_ShuffleSongs.framework in Frameworks */,
			);
			runOnlyForDeploymentPostprocessing = 0;
		};
		772E1EEC22E87D39002B4387 /* Frameworks */ = {
			isa = PBXFrameworksBuildPhase;
			buildActionMask = 2147483647;
			files = (
				ED77F79E2509B0EB76E9F9C0 /* Pods_ShuffleSongsTests.framework in Frameworks */,
			);
			runOnlyForDeploymentPostprocessing = 0;
		};
/* End PBXFrameworksBuildPhase section */

/* Begin PBXGroup section */
		772E1ED222E87D37002B4387 = {
			isa = PBXGroup;
			children = (
				772E1EDD22E87D37002B4387 /* ShuffleSongs */,
				772E1EF222E87D39002B4387 /* ShuffleSongsTests */,
				772E1EDC22E87D37002B4387 /* Products */,
				BB0E853B1EF87EDEC58E0F23 /* Pods */,
				A1C9CA0351168DCDD4DB9E13 /* Frameworks */,
			);
			sourceTree = "<group>";
		};
		772E1EDC22E87D37002B4387 /* Products */ = {
			isa = PBXGroup;
			children = (
				772E1EDB22E87D37002B4387 /* ShuffleSongs.app */,
				772E1EEF22E87D39002B4387 /* ShuffleSongsTests.xctest */,
			);
			name = Products;
			sourceTree = "<group>";
		};
		772E1EDD22E87D37002B4387 /* ShuffleSongs */ = {
			isa = PBXGroup;
			children = (
				77E238A122E8B09100134ABC /* Extensions */,
				77E2389C22E8A90500134ABC /* Components */,
				77E2389722E8A59700134ABC /* Customs */,
				77918A7822E8847A00762DDC /* Models */,
				77918A7522E8842400762DDC /* ViewModels */,
				77918A7222E883C200762DDC /* ViewControllers */,
				77918A7122E883B400762DDC /* Services */,
				772E1EDE22E87D37002B4387 /* AppDelegate.swift */,
				772E1EE222E87D37002B4387 /* Main.storyboard */,
				772E1EE522E87D39002B4387 /* Assets.xcassets */,
				772E1EE722E87D39002B4387 /* LaunchScreen.storyboard */,
				772E1EEA22E87D39002B4387 /* Info.plist */,
			);
			path = ShuffleSongs;
			sourceTree = "<group>";
		};
		772E1EF222E87D39002B4387 /* ShuffleSongsTests */ = {
			isa = PBXGroup;
			children = (
				772E1EF322E87D39002B4387 /* ShuffleSongsTests.swift */,
				77918A7B22E8942E00762DDC /* ShuffleSongsFetchTests.swift */,
				772E1EF522E87D39002B4387 /* Info.plist */,
			);
			path = ShuffleSongsTests;
			sourceTree = "<group>";
		};
		77918A7122E883B400762DDC /* Services */ = {
			isa = PBXGroup;
			children = (
				77918A7322E883E800762DDC /* SongsService.swift */,
			);
			path = Services;
			sourceTree = "<group>";
		};
		77918A7222E883C200762DDC /* ViewControllers */ = {
			isa = PBXGroup;
			children = (
				77E2389A22E8A8A000134ABC /* SongsTableViewController.swift */,
			);
			path = ViewControllers;
			sourceTree = "<group>";
		};
		77918A7522E8842400762DDC /* ViewModels */ = {
			isa = PBXGroup;
			children = (
				77918A7622E8844900762DDC /* SongsViewModel.swift */,
			);
			path = ViewModels;
			sourceTree = "<group>";
		};
		77918A7822E8847A00762DDC /* Models */ = {
			isa = PBXGroup;
			children = (
				77918A7922E889E500762DDC /* SongsResponse.swift */,
			);
			path = Models;
			sourceTree = "<group>";
		};
		77E2389722E8A59700134ABC /* Customs */ = {
			isa = PBXGroup;
			children = (
				77E2389F22E8AF6200134ABC /* SongTableViewCell.swift */,
			);
			path = Customs;
			sourceTree = "<group>";
		};
		77E2389C22E8A90500134ABC /* Components */ = {
			isa = PBXGroup;
			children = (
				77E2389D22E8A92300134ABC /* RKLoading.swift */,
			);
			path = Components;
			sourceTree = "<group>";
		};
		77E238A122E8B09100134ABC /* Extensions */ = {
			isa = PBXGroup;
			children = (
				77E238A222E8B0AF00134ABC /* UIImageView+Extension.swift */,
			);
			path = Extensions;
			sourceTree = "<group>";
		};
		A1C9CA0351168DCDD4DB9E13 /* Frameworks */ = {
			isa = PBXGroup;
			children = (
				89D4662B49A95F709192C2E4 /* Pods_ShuffleSongs.framework */,
				29163C16197368065B542B17 /* Pods_ShuffleSongsTests.framework */,
			);
			name = Frameworks;
			sourceTree = "<group>";
		};
		BB0E853B1EF87EDEC58E0F23 /* Pods */ = {
			isa = PBXGroup;
			children = (
				8124ECBE071A90240D9BC408 /* Pods-ShuffleSongs.debug.xcconfig */,
				32E00B8D3F46455A88305370 /* Pods-ShuffleSongs.release.xcconfig */,
				00C1B9A153CC81ABDF788D6B /* Pods-ShuffleSongsTests.debug.xcconfig */,
				64E7A9EE4758B488A01DCDF3 /* Pods-ShuffleSongsTests.release.xcconfig */,
			);
			path = Pods;
			sourceTree = "<group>";
		};
/* End PBXGroup section */

/* Begin PBXNativeTarget section */
		772E1EDA22E87D37002B4387 /* ShuffleSongs */ = {
			isa = PBXNativeTarget;
			buildConfigurationList = 772E1EF822E87D39002B4387 /* Build configuration list for PBXNativeTarget "ShuffleSongs" */;
			buildPhases = (
				773E4A3896A9456A1E4181BB /* [CP] Check Pods Manifest.lock */,
				772E1ED722E87D37002B4387 /* Sources */,
				772E1ED822E87D37002B4387 /* Frameworks */,
				772E1ED922E87D37002B4387 /* Resources */,
			);
			buildRules = (
			);
			dependencies = (
			);
			name = ShuffleSongs;
			productName = ShuffleSongs;
			productReference = 772E1EDB22E87D37002B4387 /* ShuffleSongs.app */;
			productType = "com.apple.product-type.application";
		};
		772E1EEE22E87D39002B4387 /* ShuffleSongsTests */ = {
			isa = PBXNativeTarget;
			buildConfigurationList = 772E1EFB22E87D39002B4387 /* Build configuration list for PBXNativeTarget "ShuffleSongsTests" */;
			buildPhases = (
				4BFA51311C8D522C5EBE0EC5 /* [CP] Check Pods Manifest.lock */,
				772E1EEB22E87D39002B4387 /* Sources */,
				772E1EEC22E87D39002B4387 /* Frameworks */,
				772E1EED22E87D39002B4387 /* Resources */,
			);
			buildRules = (
			);
			dependencies = (
				772E1EF122E87D39002B4387 /* PBXTargetDependency */,
			);
			name = ShuffleSongsTests;
			productName = ShuffleSongsTests;
			productReference = 772E1EEF22E87D39002B4387 /* ShuffleSongsTests.xctest */;
			productType = "com.apple.product-type.bundle.unit-test";
		};
/* End PBXNativeTarget section */

/* Begin PBXProject section */
		772E1ED322E87D37002B4387 /* Project object */ = {
			isa = PBXProject;
			attributes = {
				LastSwiftUpdateCheck = 1030;
				LastUpgradeCheck = 1030;
				ORGANIZATIONNAME = "Rodrigo Kieffer";
				TargetAttributes = {
					772E1EDA22E87D37002B4387 = {
						CreatedOnToolsVersion = 10.3;
					};
					772E1EEE22E87D39002B4387 = {
						CreatedOnToolsVersion = 10.3;
						TestTargetID = 772E1EDA22E87D37002B4387;
					};
				};
			};
			buildConfigurationList = 772E1ED622E87D37002B4387 /* Build configuration list for PBXProject "ShuffleSongs" */;
			compatibilityVersion = "Xcode 9.3";
			developmentRegion = en;
			hasScannedForEncodings = 0;
			knownRegions = (
				en,
				Base,
			);
			mainGroup = 772E1ED222E87D37002B4387;
			productRefGroup = 772E1EDC22E87D37002B4387 /* Products */;
			projectDirPath = "";
			projectRoot = "";
			targets = (
				772E1EDA22E87D37002B4387 /* ShuffleSongs */,
				772E1EEE22E87D39002B4387 /* ShuffleSongsTests */,
			);
		};
/* End PBXProject section */

/* Begin PBXResourcesBuildPhase section */
		772E1ED922E87D37002B4387 /* Resources */ = {
			isa = PBXResourcesBuildPhase;
			buildActionMask = 2147483647;
			files = (
				772E1EE922E87D39002B4387 /* LaunchScreen.storyboard in Resources */,
				772E1EE622E87D39002B4387 /* Assets.xcassets in Resources */,
				772E1EE422E87D37002B4387 /* Main.storyboard in Resources */,
			);
			runOnlyForDeploymentPostprocessing = 0;
		};
		772E1EED22E87D39002B4387 /* Resources */ = {
			isa = PBXResourcesBuildPhase;
			buildActionMask = 2147483647;
			files = (
			);
			runOnlyForDeploymentPostprocessing = 0;
		};
/* End PBXResourcesBuildPhase section */

/* Begin PBXShellScriptBuildPhase section */
		4BFA51311C8D522C5EBE0EC5 /* [CP] Check Pods Manifest.lock */ = {
			isa = PBXShellScriptBuildPhase;
			buildActionMask = 2147483647;
			files = (
			);
			inputFileListPaths = (
			);
			inputPaths = (
				"${PODS_PODFILE_DIR_PATH}/Podfile.lock",
				"${PODS_ROOT}/Manifest.lock",
			);
			name = "[CP] Check Pods Manifest.lock";
			outputFileListPaths = (
			);
			outputPaths = (
				"$(DERIVED_FILE_DIR)/Pods-ShuffleSongsTests-checkManifestLockResult.txt",
			);
			runOnlyForDeploymentPostprocessing = 0;
			shellPath = /bin/sh;
			shellScript = "diff \"${PODS_PODFILE_DIR_PATH}/Podfile.lock\" \"${PODS_ROOT}/Manifest.lock\" > /dev/null\nif [ $? != 0 ] ; then\n    # print error to STDERR\n    echo \"error: The sandbox is not in sync with the Podfile.lock. Run 'pod install' or update your CocoaPods installation.\" >&2\n    exit 1\nfi\n# This output is used by Xcode 'outputs' to avoid re-running this script phase.\necho \"SUCCESS\" > \"${SCRIPT_OUTPUT_FILE_0}\"\n";
			showEnvVarsInLog = 0;
		};
		773E4A3896A9456A1E4181BB /* [CP] Check Pods Manifest.lock */ = {
			isa = PBXShellScriptBuildPhase;
			buildActionMask = 2147483647;
			files = (
			);
			inputFileListPaths = (
			);
			inputPaths = (
				"${PODS_PODFILE_DIR_PATH}/Podfile.lock",
				"${PODS_ROOT}/Manifest.lock",
			);
			name = "[CP] Check Pods Manifest.lock";
			outputFileListPaths = (
			);
			outputPaths = (
				"$(DERIVED_FILE_DIR)/Pods-ShuffleSongs-checkManifestLockResult.txt",
			);
			runOnlyForDeploymentPostprocessing = 0;
			shellPath = /bin/sh;
			shellScript = "diff \"${PODS_PODFILE_DIR_PATH}/Podfile.lock\" \"${PODS_ROOT}/Manifest.lock\" > /dev/null\nif [ $? != 0 ] ; then\n    # print error to STDERR\n    echo \"error: The sandbox is not in sync with the Podfile.lock. Run 'pod install' or update your CocoaPods installation.\" >&2\n    exit 1\nfi\n# This output is used by Xcode 'outputs' to avoid re-running this script phase.\necho \"SUCCESS\" > \"${SCRIPT_OUTPUT_FILE_0}\"\n";
			showEnvVarsInLog = 0;
		};
/* End PBXShellScriptBuildPhase section */

/* Begin PBXSourcesBuildPhase section */
		772E1ED722E87D37002B4387 /* Sources */ = {
			isa = PBXSourcesBuildPhase;
			buildActionMask = 2147483647;
			files = (
				77918A7422E883E800762DDC /* SongsService.swift in Sources */,
				77918A7A22E889E500762DDC /* SongsResponse.swift in Sources */,
				77E2389B22E8A8A000134ABC /* SongsTableViewController.swift in Sources */,
				77E238A322E8B0AF00134ABC /* UIImageView+Extension.swift in Sources */,
				77E238A022E8AF6200134ABC /* SongTableViewCell.swift in Sources */,
				77E2389E22E8A92300134ABC /* RKLoading.swift in Sources */,
				77918A7722E8844900762DDC /* SongsViewModel.swift in Sources */,
				772E1EDF22E87D37002B4387 /* AppDelegate.swift in Sources */,
			);
			runOnlyForDeploymentPostprocessing = 0;
		};
		772E1EEB22E87D39002B4387 /* Sources */ = {
			isa = PBXSourcesBuildPhase;
			buildActionMask = 2147483647;
			files = (
				772E1EF422E87D39002B4387 /* ShuffleSongsTests.swift in Sources */,
				77918A7C22E8942E00762DDC /* ShuffleSongsFetchTests.swift in Sources */,
			);
			runOnlyForDeploymentPostprocessing = 0;
		};
/* End PBXSourcesBuildPhase section */

/* Begin PBXTargetDependency section */
		772E1EF122E87D39002B4387 /* PBXTargetDependency */ = {
			isa = PBXTargetDependency;
			target = 772E1EDA22E87D37002B4387 /* ShuffleSongs */;
			targetProxy = 772E1EF022E87D39002B4387 /* PBXContainerItemProxy */;
		};
/* End PBXTargetDependency section */

/* Begin PBXVariantGroup section */
		772E1EE222E87D37002B4387 /* Main.storyboard */ = {
			isa = PBXVariantGroup;
			children = (
				772E1EE322E87D37002B4387 /* Base */,
			);
			name = Main.storyboard;
			sourceTree = "<group>";
		};
		772E1EE722E87D39002B4387 /* LaunchScreen.storyboard */ = {
			isa = PBXVariantGroup;
			children = (
				772E1EE822E87D39002B4387 /* Base */,
			);
			name = LaunchScreen.storyboard;
			sourceTree = "<group>";
		};
/* End PBXVariantGroup section */

/* Begin XCBuildConfiguration section */
		772E1EF622E87D39002B4387 /* Debug */ = {
			isa = XCBuildConfiguration;
			buildSettings = {
				ALWAYS_SEARCH_USER_PATHS = NO;
				CLANG_ANALYZER_NONNULL = YES;
				CLANG_ANALYZER_NUMBER_OBJECT_CONVERSION = YES_AGGRESSIVE;
				CLANG_CXX_LANGUAGE_STANDARD = "gnu++14";
				CLANG_CXX_LIBRARY = "libc++";
				CLANG_ENABLE_MODULES = YES;
				CLANG_ENABLE_OBJC_ARC = YES;
				CLANG_ENABLE_OBJC_WEAK = YES;
				CLANG_WARN_BLOCK_CAPTURE_AUTORELEASING = YES;
				CLANG_WARN_BOOL_CONVERSION = YES;
				CLANG_WARN_COMMA = YES;
				CLANG_WARN_CONSTANT_CONVERSION = YES;
				CLANG_WARN_DEPRECATED_OBJC_IMPLEMENTATIONS = YES;
				CLANG_WARN_DIRECT_OBJC_ISA_USAGE = YES_ERROR;
				CLANG_WARN_DOCUMENTATION_COMMENTS = YES;
				CLANG_WARN_EMPTY_BODY = YES;
				CLANG_WARN_ENUM_CONVERSION = YES;
				CLANG_WARN_INFINITE_RECURSION = YES;
				CLANG_WARN_INT_CONVERSION = YES;
				CLANG_WARN_NON_LITERAL_NULL_CONVERSION = YES;
				CLANG_WARN_OBJC_IMPLICIT_RETAIN_SELF = YES;
				CLANG_WARN_OBJC_LITERAL_CONVERSION = YES;
				CLANG_WARN_OBJC_ROOT_CLASS = YES_ERROR;
				CLANG_WARN_RANGE_LOOP_ANALYSIS = YES;
				CLANG_WARN_STRICT_PROTOTYPES = YES;
				CLANG_WARN_SUSPICIOUS_MOVE = YES;
				CLANG_WARN_UNGUARDED_AVAILABILITY = YES_AGGRESSIVE;
				CLANG_WARN_UNREACHABLE_CODE = YES;
				CLANG_WARN__DUPLICATE_METHOD_MATCH = YES;
				CODE_SIGN_IDENTITY = "iPhone Developer";
				COPY_PHASE_STRIP = NO;
				DEBUG_INFORMATION_FORMAT = dwarf;
				ENABLE_STRICT_OBJC_MSGSEND = YES;
				ENABLE_TESTABILITY = YES;
				GCC_C_LANGUAGE_STANDARD = gnu11;
				GCC_DYNAMIC_NO_PIC = NO;
				GCC_NO_COMMON_BLOCKS = YES;
				GCC_OPTIMIZATION_LEVEL = 0;
				GCC_PREPROCESSOR_DEFINITIONS = (
					"DEBUG=1",
					"$(inherited)",
				);
				GCC_WARN_64_TO_32_BIT_CONVERSION = YES;
				GCC_WARN_ABOUT_RETURN_TYPE = YES_ERROR;
				GCC_WARN_UNDECLARED_SELECTOR = YES;
				GCC_WARN_UNINITIALIZED_AUTOS = YES_AGGRESSIVE;
				GCC_WARN_UNUSED_FUNCTION = YES;
				GCC_WARN_UNUSED_VARIABLE = YES;
				IPHONEOS_DEPLOYMENT_TARGET = 12.4;
				MTL_ENABLE_DEBUG_INFO = INCLUDE_SOURCE;
				MTL_FAST_MATH = YES;
				ONLY_ACTIVE_ARCH = YES;
				SDKROOT = iphoneos;
				SWIFT_ACTIVE_COMPILATION_CONDITIONS = DEBUG;
				SWIFT_OPTIMIZATION_LEVEL = "-Onone";
			};
			name = Debug;
		};
		772E1EF722E87D39002B4387 /* Release */ = {
			isa = XCBuildConfiguration;
			buildSettings = {
				ALWAYS_SEARCH_USER_PATHS = NO;
				CLANG_ANALYZER_NONNULL = YES;
				CLANG_ANALYZER_NUMBER_OBJECT_CONVERSION = YES_AGGRESSIVE;
				CLANG_CXX_LANGUAGE_STANDARD = "gnu++14";
				CLANG_CXX_LIBRARY = "libc++";
				CLANG_ENABLE_MODULES = YES;
				CLANG_ENABLE_OBJC_ARC = YES;
				CLANG_ENABLE_OBJC_WEAK = YES;
				CLANG_WARN_BLOCK_CAPTURE_AUTORELEASING = YES;
				CLANG_WARN_BOOL_CONVERSION = YES;
				CLANG_WARN_COMMA = YES;
				CLANG_WARN_CONSTANT_CONVERSION = YES;
				CLANG_WARN_DEPRECATED_OBJC_IMPLEMENTATIONS = YES;
				CLANG_WARN_DIRECT_OBJC_ISA_USAGE = YES_ERROR;
				CLANG_WARN_DOCUMENTATION_COMMENTS = YES;
				CLANG_WARN_EMPTY_BODY = YES;
				CLANG_WARN_ENUM_CONVERSION = YES;
				CLANG_WARN_INFINITE_RECURSION = YES;
				CLANG_WARN_INT_CONVERSION = YES;
				CLANG_WARN_NON_LITERAL_NULL_CONVERSION = YES;
				CLANG_WARN_OBJC_IMPLICIT_RETAIN_SELF = YES;
				CLANG_WARN_OBJC_LITERAL_CONVERSION = YES;
				CLANG_WARN_OBJC_ROOT_CLASS = YES_ERROR;
				CLANG_WARN_RANGE_LOOP_ANALYSIS = YES;
				CLANG_WARN_STRICT_PROTOTYPES = YES;
				CLANG_WARN_SUSPICIOUS_MOVE = YES;
				CLANG_WARN_UNGUARDED_AVAILABILITY = YES_AGGRESSIVE;
				CLANG_WARN_UNREACHABLE_CODE = YES;
				CLANG_WARN__DUPLICATE_METHOD_MATCH = YES;
				CODE_SIGN_IDENTITY = "iPhone Developer";
				COPY_PHASE_STRIP = NO;
				DEBUG_INFORMATION_FORMAT = "dwarf-with-dsym";
				ENABLE_NS_ASSERTIONS = NO;
				ENABLE_STRICT_OBJC_MSGSEND = YES;
				GCC_C_LANGUAGE_STANDARD = gnu11;
				GCC_NO_COMMON_BLOCKS = YES;
				GCC_WARN_64_TO_32_BIT_CONVERSION = YES;
				GCC_WARN_ABOUT_RETURN_TYPE = YES_ERROR;
				GCC_WARN_UNDECLARED_SELECTOR = YES;
				GCC_WARN_UNINITIALIZED_AUTOS = YES_AGGRESSIVE;
				GCC_WARN_UNUSED_FUNCTION = YES;
				GCC_WARN_UNUSED_VARIABLE = YES;
				IPHONEOS_DEPLOYMENT_TARGET = 12.4;
				MTL_ENABLE_DEBUG_INFO = NO;
				MTL_FAST_MATH = YES;
				SDKROOT = iphoneos;
				SWIFT_COMPILATION_MODE = wholemodule;
				SWIFT_OPTIMIZATION_LEVEL = "-O";
				VALIDATE_PRODUCT = YES;
			};
			name = Release;
		};
		772E1EF922E87D39002B4387 /* Debug */ = {
			isa = XCBuildConfiguration;
			baseConfigurationReference = 8124ECBE071A90240D9BC408 /* Pods-ShuffleSongs.debug.xcconfig */;
			buildSettings = {
				ASSETCATALOG_COMPILER_APPICON_NAME = AppIcon;
				CODE_SIGN_STYLE = Automatic;
				DEVELOPMENT_TEAM = GP5GGMAWR6;
				INFOPLIST_FILE = ShuffleSongs/Info.plist;
				LD_RUNPATH_SEARCH_PATHS = (
					"$(inherited)",
					"@executable_path/Frameworks",
				);
				PRODUCT_BUNDLE_IDENTIFIER = br.com.rk.ShuffleSongs;
				PRODUCT_NAME = "$(TARGET_NAME)";
				SWIFT_VERSION = 5.0;
				TARGETED_DEVICE_FAMILY = "1,2";
			};
			name = Debug;
		};
		772E1EFA22E87D39002B4387 /* Release */ = {
			isa = XCBuildConfiguration;
			baseConfigurationReference = 32E00B8D3F46455A88305370 /* Pods-ShuffleSongs.release.xcconfig */;
			buildSettings = {
				ASSETCATALOG_COMPILER_APPICON_NAME = AppIcon;
				CODE_SIGN_STYLE = Automatic;
				DEVELOPMENT_TEAM = GP5GGMAWR6;
				INFOPLIST_FILE = ShuffleSongs/Info.plist;
				LD_RUNPATH_SEARCH_PATHS = (
					"$(inherited)",
					"@executable_path/Frameworks",
				);
				PRODUCT_BUNDLE_IDENTIFIER = br.com.rk.ShuffleSongs;
				PRODUCT_NAME = "$(TARGET_NAME)";
				SWIFT_VERSION = 5.0;
				TARGETED_DEVICE_FAMILY = "1,2";
			};
			name = Release;
		};
		772E1EFC22E87D39002B4387 /* Debug */ = {
			isa = XCBuildConfiguration;
			baseConfigurationReference = 00C1B9A153CC81ABDF788D6B /* Pods-ShuffleSongsTests.debug.xcconfig */;
			buildSettings = {
				ALWAYS_EMBED_SWIFT_STANDARD_LIBRARIES = YES;
				BUNDLE_LOADER = "$(TEST_HOST)";
				CODE_SIGN_STYLE = Automatic;
				DEVELOPMENT_TEAM = GP5GGMAWR6;
				INFOPLIST_FILE = ShuffleSongsTests/Info.plist;
				LD_RUNPATH_SEARCH_PATHS = (
					"$(inherited)",
					"@executable_path/Frameworks",
					"@loader_path/Frameworks",
				);
				PRODUCT_BUNDLE_IDENTIFIER = br.com.rk.ShuffleSongsTests;
				PRODUCT_NAME = "$(TARGET_NAME)";
				SWIFT_VERSION = 5.0;
				TARGETED_DEVICE_FAMILY = "1,2";
				TEST_HOST = "$(BUILT_PRODUCTS_DIR)/ShuffleSongs.app/ShuffleSongs";
			};
			name = Debug;
		};
		772E1EFD22E87D39002B4387 /* Release */ = {
			isa = XCBuildConfiguration;
			baseConfigurationReference = 64E7A9EE4758B488A01DCDF3 /* Pods-ShuffleSongsTests.release.xcconfig */;
			buildSettings = {
				ALWAYS_EMBED_SWIFT_STANDARD_LIBRARIES = YES;
				BUNDLE_LOADER = "$(TEST_HOST)";
				CODE_SIGN_STYLE = Automatic;
				DEVELOPMENT_TEAM = GP5GGMAWR6;
				INFOPLIST_FILE = ShuffleSongsTests/Info.plist;
				LD_RUNPATH_SEARCH_PATHS = (
					"$(inherited)",
					"@executable_path/Frameworks",
					"@loader_path/Frameworks",
				);
				PRODUCT_BUNDLE_IDENTIFIER = br.com.rk.ShuffleSongsTests;
				PRODUCT_NAME = "$(TARGET_NAME)";
				SWIFT_VERSION = 5.0;
				TARGETED_DEVICE_FAMILY = "1,2";
				TEST_HOST = "$(BUILT_PRODUCTS_DIR)/ShuffleSongs.app/ShuffleSongs";
			};
			name = Release;
		};
/* End XCBuildConfiguration section */

/* Begin XCConfigurationList section */
		772E1ED622E87D37002B4387 /* Build configuration list for PBXProject "ShuffleSongs" */ = {
			isa = XCConfigurationList;
			buildConfigurations = (
				772E1EF622E87D39002B4387 /* Debug */,
				772E1EF722E87D39002B4387 /* Release */,
			);
			defaultConfigurationIsVisible = 0;
			defaultConfigurationName = Release;
		};
		772E1EF822E87D39002B4387 /* Build configuration list for PBXNativeTarget "ShuffleSongs" */ = {
			isa = XCConfigurationList;
			buildConfigurations = (
				772E1EF922E87D39002B4387 /* Debug */,
				772E1EFA22E87D39002B4387 /* Release */,
			);
			defaultConfigurationIsVisible = 0;
			defaultConfigurationName = Release;
		};
		772E1EFB22E87D39002B4387 /* Build configuration list for PBXNativeTarget "ShuffleSongsTests" */ = {
			isa = XCConfigurationList;
			buildConfigurations = (
				772E1EFC22E87D39002B4387 /* Debug */,
				772E1EFD22E87D39002B4387 /* Release */,
			);
			defaultConfigurationIsVisible = 0;
			defaultConfigurationName = Release;
		};
/* End XCConfigurationList section */
	};
	rootObject = 772E1ED322E87D37002B4387 /* Project object */;
}
